
Microsoft Visual Studio Solution File, Format Version 12.00
# Visual Studio Version 17
VisualStudioVersion = 17.11.35208.52
MinimumVisualStudioVersion = 10.0.40219.1
Project("{FAE04EC0-301F-11D3-BF4B-00C04F79EFBC}") = "application-environment", "application-environment.csproj", "{83F70758-5C5F-4BEE-A492-6F1688D911DD}"
EndProject
Global
	GlobalSection(SolutionConfigurationPlatforms) = preSolution
		Debug|Any CPU = Debug|Any CPU
		Release|Any CPU = Release|Any CPU
	EndGlobalSection
	GlobalSection(ProjectConfigurationPlatforms) = postSolution
		{83F70758-5C5F-4BEE-A492-6F1688D911DD}.Debug|Any CPU.ActiveCfg = Debug|Any CPU
		{83F70758-5C5F-4BEE-A492-6F1688D911DD}.Debug|Any CPU.Build.0 = Debug|Any CPU
		{83F70758-5C5F-4BEE-A492-6F1688D911DD}.Release|Any CPU.ActiveCfg = Release|Any CPU
		{83F70758-5C5F-4BEE-A492-6F1688D911DD}.Release|Any CPU.Build.0 = Release|Any CPU
	EndGlobalSection
	GlobalSection(SolutionProperties) = preSolution
		HideSolutionNode = FALSE
	EndGlobalSection
	GlobalSection(ExtensibilityGlobals) = postSolution
		SolutionGuid = {725DC476-9109-4A7F-8B76-6AE405BCEACD}
	EndGlobalSection
EndGlobal
