
Microsoft Visual Studio Solution File, Format Version 12.00
# Visual Studio Version 17
VisualStudioVersion = 17.11.35208.52
MinimumVisualStudioVersion = 10.0.40219.1
Project("{FAE04EC0-301F-11D3-BF4B-00C04F79EFBC}") = "authentication-3", "authentication-3.csproj", "{F8EDDC4A-94DD-419F-9872-436B86ACCB7F}"
EndProject
Global
	GlobalSection(SolutionConfigurationPlatforms) = preSolution
		Debug|Any CPU = Debug|Any CPU
		Release|Any CPU = Release|Any CPU
	EndGlobalSection
	GlobalSection(ProjectConfigurationPlatforms) = postSolution
		{F8EDDC4A-94DD-419F-9872-436B86ACCB7F}.Debug|Any CPU.ActiveCfg = Debug|Any CPU
		{F8EDDC4A-94DD-419F-9872-436B86ACCB7F}.Debug|Any CPU.Build.0 = Debug|Any CPU
		{F8EDDC4A-94DD-419F-9872-436B86ACCB7F}.Release|Any CPU.ActiveCfg = Release|Any CPU
		{F8EDDC4A-94DD-419F-9872-436B86ACCB7F}.Release|Any CPU.Build.0 = Release|Any CPU
	EndGlobalSection
	GlobalSection(SolutionProperties) = preSolution
		HideSolutionNode = FALSE
	EndGlobalSection
	GlobalSection(ExtensibilityGlobals) = postSolution
		SolutionGuid = {B84E65BE-1B5A-4F92-96AA-968D0C95F84C}
	EndGlobalSection
EndGlobal
